
Microsoft Visual Studio Solution File, Format Version 12.00
# Visual Studio 15
VisualStudioVersion = 15.0.28307.1525
MinimumVisualStudioVersion = 10.0.40219.1
Project("{FAE04EC0-301F-11D3-BF4B-00C04F79EFBC}") = "ConsoleApp20_1", "ConsoleApp20_1\ConsoleApp20_1.csproj", "{671D20CB-F1D1-4623-9FE9-0DFA4A20DA6A}"
EndProject
Global
	GlobalSection(SolutionConfigurationPlatforms) = preSolution
		Debug|Any CPU = Debug|Any CPU
		Release|Any CPU = Release|Any CPU
	EndGlobalSection
	GlobalSection(ProjectConfigurationPlatforms) = postSolution
		{671D20CB-F1D1-4623-9FE9-0DFA4A20DA6A}.Debug|Any CPU.ActiveCfg = Debug|Any CPU
		{671D20CB-F1D1-4623-9FE9-0DFA4A20DA6A}.Debug|Any CPU.Build.0 = Debug|Any CPU
		{671D20CB-F1D1-4623-9FE9-0DFA4A20DA6A}.Release|Any CPU.ActiveCfg = Release|Any CPU
		{671D20CB-F1D1-4623-9FE9-0DFA4A20DA6A}.Release|Any CPU.Build.0 = Release|Any CPU
	EndGlobalSection
	GlobalSection(SolutionProperties) = preSolution
		HideSolutionNode = FALSE
	EndGlobalSection
	GlobalSection(ExtensibilityGlobals) = postSolution
		SolutionGuid = {D51BB68E-4594-4277-B2CF-0C45F80768DD}
	EndGlobalSection
EndGlobal
